PODS:
  - Mochila (0.1.0):
    - Mochila/Core (= 0.1.0)
  - Mochila/Core (0.1.0)

DEPENDENCIES:
  - Mochila (from `../`)

EXTERNAL SOURCES:
  Mochila:
    :path: "../"

SPEC CHECKSUMS:
  Mochila: adbc9d9a58891aec2438d4e2e5d0407d87ac356a

PODFILE CHECKSUM: 1f9d04835ec659b885591209fd985a8dd645d3e0

COCOAPODS: 1.9.3
